
Microsoft Visual Studio Solution File, Format Version 12.00
# Visual Studio Version 17
VisualStudioVersion = 17.11.35312.102
MinimumVisualStudioVersion = 10.0.40219.1
Project("{9A19103F-16F7-4668-BE54-9A1E7A4F7556}") = "Worksheet_2", "Worksheet_2.csproj", "{549EF934-72F4-4FAE-B96F-ECB11F49C97D}"
EndProject
Project("{FAE04EC0-301F-11D3-BF4B-00C04F79EFBC}") = "Worksheet2_Tests", "..\Tests\Worksheet2_Tests\Worksheet2_Tests.csproj", "{A31F3AE1-093B-42B2-BDAF-0E78FB2A607C}"
EndProject
Global
	GlobalSection(SolutionConfigurationPlatforms) = preSolution
		Debug|Any CPU = Debug|Any CPU
		Release|Any CPU = Release|Any CPU
	EndGlobalSection
	GlobalSection(ProjectConfigurationPlatforms) = postSolution
		{549EF934-72F4-4FAE-B96F-ECB11F49C97D}.Debug|Any CPU.ActiveCfg = Debug|Any CPU
		{549EF934-72F4-4FAE-B96F-ECB11F49C97D}.Debug|Any CPU.Build.0 = Debug|Any CPU
		{549EF934-72F4-4FAE-B96F-ECB11F49C97D}.Release|Any CPU.ActiveCfg = Release|Any CPU
		{549EF934-72F4-4FAE-B96F-ECB11F49C97D}.Release|Any CPU.Build.0 = Release|Any CPU
		{A31F3AE1-093B-42B2-BDAF-0E78FB2A607C}.Debug|Any CPU.ActiveCfg = Debug|Any CPU
		{A31F3AE1-093B-42B2-BDAF-0E78FB2A607C}.Debug|Any CPU.Build.0 = Debug|Any CPU
		{A31F3AE1-093B-42B2-BDAF-0E78FB2A607C}.Release|Any CPU.ActiveCfg = Release|Any CPU
		{A31F3AE1-093B-42B2-BDAF-0E78FB2A607C}.Release|Any CPU.Build.0 = Release|Any CPU
	EndGlobalSection
	GlobalSection(SolutionProperties) = preSolution
		HideSolutionNode = FALSE
	EndGlobalSection
	GlobalSection(ExtensibilityGlobals) = postSolution
		SolutionGuid = {15D26083-6BD2-406F-9A44-DE14D805156D}
	EndGlobalSection
EndGlobal
